
Microsoft Visual Studio Solution File, Format Version 12.00
# Visual Studio Version 17
VisualStudioVersion = 17.6.33815.320
MinimumVisualStudioVersion = 10.0.40219.1
Project("{FAE04EC0-301F-11D3-BF4B-00C04F79EFBC}") = "phase1section4.21", "phase1section4.21.csproj", "{8C81271F-A361-40E4-B0BC-C065147C1CBA}"
EndProject
Global
	GlobalSection(SolutionConfigurationPlatforms) = preSolution
		Debug|Any CPU = Debug|Any CPU
		Release|Any CPU = Release|Any CPU
	EndGlobalSection
	GlobalSection(ProjectConfigurationPlatforms) = postSolution
		{8C81271F-A361-40E4-B0BC-C065147C1CBA}.Debug|Any CPU.ActiveCfg = Debug|Any CPU
		{8C81271F-A361-40E4-B0BC-C065147C1CBA}.Debug|Any CPU.Build.0 = Debug|Any CPU
		{8C81271F-A361-40E4-B0BC-C065147C1CBA}.Release|Any CPU.ActiveCfg = Release|Any CPU
		{8C81271F-A361-40E4-B0BC-C065147C1CBA}.Release|Any CPU.Build.0 = Release|Any CPU
	EndGlobalSection
	GlobalSection(SolutionProperties) = preSolution
		HideSolutionNode = FALSE
	EndGlobalSection
	GlobalSection(ExtensibilityGlobals) = postSolution
		SolutionGuid = {BC2104E8-305B-4194-B278-B8AC3081BD37}
	EndGlobalSection
EndGlobal
